
Microsoft Visual Studio Solution File, Format Version 12.00
# Visual Studio Version 16
VisualStudioVersion = 16.0.32106.194
MinimumVisualStudioVersion = 10.0.40219.1
Project("{FAE04EC0-301F-11D3-BF4B-00C04F79EFBC}") = "SnakeAndLadder", "SnakeAndLadder.csproj", "{50B44416-0240-4333-B907-E81A71AF7CD9}"
EndProject
Global
	GlobalSection(SolutionConfigurationPlatforms) = preSolution
		Debug|Any CPU = Debug|Any CPU
		Release|Any CPU = Release|Any CPU
	EndGlobalSection
	GlobalSection(ProjectConfigurationPlatforms) = postSolution
		{50B44416-0240-4333-B907-E81A71AF7CD9}.Debug|Any CPU.ActiveCfg = Debug|Any CPU
		{50B44416-0240-4333-B907-E81A71AF7CD9}.Debug|Any CPU.Build.0 = Debug|Any CPU
		{50B44416-0240-4333-B907-E81A71AF7CD9}.Release|Any CPU.ActiveCfg = Release|Any CPU
		{50B44416-0240-4333-B907-E81A71AF7CD9}.Release|Any CPU.Build.0 = Release|Any CPU
	EndGlobalSection
	GlobalSection(SolutionProperties) = preSolution
		HideSolutionNode = FALSE
	EndGlobalSection
	GlobalSection(ExtensibilityGlobals) = postSolution
		SolutionGuid = {8BD92D87-9C0E-4608-A874-BD0B99FC3FBD}
	EndGlobalSection
EndGlobal
